github.com/soyacen/bytebufferpool v1.0.1/go.mod h1:l4QZeNZx9huiTwcGz6OiWktQmgI0PvYb5d/ZtVcwTCc=
github.com/soyacen/easyhttp v0.0.0-20210512061714-d77b66e25b12 h1:Hk4cI/Hu3RONHVKhpjm6//yYNkLvY1j7//P4ASZ0qtE=
github.com/soyacen/easyhttp v0.0.0-20210512061714-d77b66e25b12/go.mod h1:OqmGOPukFH85sD4xV6c161wrYEbnwzpRjQ/pgkZIQ1g=
github.com/soyacen/goutils/ioutils v0.0.0-20210511094924-53f8d21e0b58/go.mod h1:vzKs7QewYUqY9kILFq/YMMX7M/OqReqep81C1L4qEvQ=
github.com/soyacen/goutils/stringutils v0.0.0-20210511094924-53f8d21e0b58/go.mod h1:j+MC3Z6FtFj/ZL/0euaqAKAly0ezNNkAIyaD/ExKDTI=
golang.org/x/net v0.0.0-20210427231257-85d9c07bbe3a h1:njMmldwFTyDLqonHMagNXKBWptTBeDZOdblgaDsNEGQ=
golang.org/x/net v0.0.0-20210427231257-85d9c07bbe3a/go.mod h1:OJAsFXCWl8Ukc7SiCT/9KSuxbyM7479/AVlXFRxuMCk=
golang.org/x/sys v0.0.0-20201119102817-f84b799fce68/go.mod h1:h1NjWce9XRLGQEsW7wpKNCjG9DtNlClVuFLEZdDNbEs=
golang.org/x/sys v0.0.0-20210423082822-04245dca01da/go.mod h1:h1NjWce9XRLGQEsW7wpKNCjG9DtNlClVuFLEZdDNbEs=
golang.org/x/term v0.0.0-20201126162022-7de9c90e9dd1/go.mod h1:bj7SfCRtBDWHUb9snDiAeCFNEtKQo2Wmx5Cou7ajbmo=
golang.org/x/text v0.3.6/go.mod h1:5Zoc/QRtKVWzQhOtBMvqHzDpF6irO9z98xDceosuGiQ=
golang.org/x/tools v0.0.0-20180917221912-90fa682c2a6e/go.mod h1:n7NCudcB/nEzxVGmLbDWY5pfWTLqBcC2KZ6jyYvM4mQ=
